# THIS IS AN AUTOGENERATED FILE. DO NOT EDIT THIS FILE DIRECTLY.
# yarn lockfile v1


core-util-is@~1.0.0:
  version "1.0.3"
  resolved "https://registry.nlark.com/core-util-is/download/core-util-is-1.0.3.tgz#a6042d3634c2b27e9328f837b965fac83808db85"
  integrity sha1-pgQtNjTCsn6TKPg3uWX6yDgI24U=

debug@^4.1.0:
  version "4.3.2"
  resolved "https://registry.nlark.com/debug/download/debug-4.3.2.tgz#f0a49c18ac8779e31d4a0c6029dfb76873c7428b"
  integrity sha1-8KScGKyHeeMdSgxgKd+3aHPHQos=
  dependencies:
    ms "2.1.2"

detect-node@^2.0.4:
  version "2.1.0"
  resolved "https://registry.nlark.com/detect-node/download/detect-node-2.1.0.tgz?cache=0&sync_timestamp=1621146976557&other_urls=https%3A%2F%2Fregistry.nlark.com%2Fdetect-node%2Fdownload%2Fdetect-node-2.1.0.tgz#c9c70775a49c3d03bc2c06d9a73be550f978f8b1"
  integrity sha1-yccHdaScPQO8LAbZpzvlUPl4+LE=

handle-thing@^2.0.0:
  version "2.0.1"
  resolved "https://registry.npm.taobao.org/handle-thing/download/handle-thing-2.0.1.tgz#857f79ce359580c340d43081cc648970d0bb234e"
  integrity sha1-hX95zjWVgMNA1DCBzGSJcNC7I04=

hpack.js@^2.1.6:
  version "2.1.6"
  resolved "https://registry.npm.taobao.org/hpack.js/download/hpack.js-2.1.6.tgz#87774c0949e513f42e84575b3c45681fade2a0b2"
  integrity sha1-h3dMCUnlE/QuhFdbPEVoH63ioLI=
  dependencies:
    inherits "^2.0.1"
    obuf "^1.0.0"
    readable-stream "^2.0.1"
    wbuf "^1.1.0"

http-deceiver@^1.2.7:
  version "1.2.7"
  resolved "https://registry.npm.taobao.org/http-deceiver/download/http-deceiver-1.2.7.tgz#fa7168944ab9a519d337cb0bec7284dc3e723d87"
  integrity sha1-+nFolEq5pRnTN8sL7HKE3D5yPYc=

inherits@^2.0.1, inherits@^2.0.3, inherits@~2.0.3:
  version "2.0.4"
  resolved "https://registry.npm.taobao.org/inherits/download/inherits-2.0.4.tgz#0fa2c64f932917c3433a0ded55363aae37416b7c"
  integrity sha1-D6LGT5MpF8NDOg3tVTY6rjdBa3w=

isarray@~1.0.0:
  version "1.0.0"
  resolved "https://registry.npm.taobao.org/isarray/download/isarray-1.0.0.tgz#bb935d48582cba168c06834957a54a3e07124f11"
  integrity sha1-u5NdSFgsuhaMBoNJV6VKPgcSTxE=

minimalistic-assert@^1.0.0:
  version "1.0.1"
  resolved "https://registry.npm.taobao.org/minimalistic-assert/download/minimalistic-assert-1.0.1.tgz#2e194de044626d4a10e7f7fbc00ce73e83e4d5c7"
  integrity sha1-LhlN4ERibUoQ5/f7wAznPoPk1cc=

ms@2.1.2:
  version "2.1.2"
  resolved "https://registry.npmmirror.com/ms/download/ms-2.1.2.tgz#d09d1f357b443f493382a8eb3ccd183872ae6009"
  integrity sha1-0J0fNXtEP0kzgqjrPM0YOHKuYAk=

obuf@^1.0.0, obuf@^1.1.2:
  version "1.1.2"
  resolved "https://registry.npm.taobao.org/obuf/download/obuf-1.1.2.tgz#09bea3343d41859ebd446292d11c9d4db619084e"
  integrity sha1-Cb6jND1BhZ69RGKS0RydTbYZCE4=

process-nextick-args@~2.0.0:
  version "2.0.1"
  resolved "https://registry.npm.taobao.org/process-nextick-args/download/process-nextick-args-2.0.1.tgz#7820d9b16120cc55ca9ae7792680ae7dba6d7fe2"
  integrity sha1-eCDZsWEgzFXKmud5JoCufbptf+I=

readable-stream@^2.0.1:
  version "2.3.7"
  resolved "https://registry.npm.taobao.org/readable-stream/download/readable-stream-2.3.7.tgz#1eca1cf711aef814c04f62252a36a62f6cb23b57"
  integrity sha1-Hsoc9xGu+BTAT2IlKjamL2yyO1c=
  dependencies:
    core-util-is "~1.0.0"
    inherits "~2.0.3"
    isarray "~1.0.0"
    process-nextick-args "~2.0.0"
    safe-buffer "~5.1.1"
    string_decoder "~1.1.1"
    util-deprecate "~1.0.1"

readable-stream@^3.0.6:
  version "3.6.0"
  resolved "https://registry.npm.taobao.org/readable-stream/download/readable-stream-3.6.0.tgz#337bbda3adc0706bd3e024426a286d4b4b2c9198"
  integrity sha1-M3u9o63AcGvT4CRCaihtS0sskZg=
  dependencies:
    inherits "^2.0.3"
    string_decoder "^1.1.1"
    util-deprecate "^1.0.1"

safe-buffer@~5.1.0, safe-buffer@~5.1.1:
  version "5.1.2"
  resolved "https://registry.nlark.com/safe-buffer/download/safe-buffer-5.1.2.tgz#991ec69d296e0313747d59bdfd2b745c35f8828d"
  integrity sha1-mR7GnSluAxN0fVm9/St0XDX4go0=

safe-buffer@~5.2.0:
  version "5.2.1"
  resolved "https://registry.nlark.com/safe-buffer/download/safe-buffer-5.2.1.tgz#1eaf9fa9bdb1fdd4ec75f58f9cdb4e6b7827eec6"
  integrity sha1-Hq+fqb2x/dTsdfWPnNtOa3gn7sY=

select-hose@^2.0.0:
  version "2.0.0"
  resolved "https://registry.npm.taobao.org/select-hose/download/select-hose-2.0.0.tgz#625d8658f865af43ec962bfc376a37359a4994ca"
  integrity sha1-Yl2GWPhlr0Psliv8N2o3NZpJlMo=

spdy-transport@^3.0.0:
  version "3.0.0"
  resolved "https://registry.npm.taobao.org/spdy-transport/download/spdy-transport-3.0.0.tgz#00d4863a6400ad75df93361a1608605e5dcdcf31"
  integrity sha1-ANSGOmQArXXfkzYaFghgXl3NzzE=
  dependencies:
    debug "^4.1.0"
    detect-node "^2.0.4"
    hpack.js "^2.1.6"
    obuf "^1.1.2"
    readable-stream "^3.0.6"
    wbuf "^1.7.3"

spdy@^4.0.2:
  version "4.0.2"
  resolved "https://registry.npm.taobao.org/spdy/download/spdy-4.0.2.tgz#b74f466203a3eda452c02492b91fb9e84a27677b"
  integrity sha1-t09GYgOj7aRSwCSSuR+56EonZ3s=
  dependencies:
    debug "^4.1.0"
    handle-thing "^2.0.0"
    http-deceiver "^1.2.7"
    select-hose "^2.0.0"
    spdy-transport "^3.0.0"

string_decoder@^1.1.1:
  version "1.3.0"
  resolved "https://registry.npm.taobao.org/string_decoder/download/string_decoder-1.3.0.tgz#42f114594a46cf1a8e30b0a84f56c78c3edac21e"
  integrity sha1-QvEUWUpGzxqOMLCoT1bHjD7awh4=
  dependencies:
    safe-buffer "~5.2.0"

string_decoder@~1.1.1:
  version "1.1.1"
  resolved "https://registry.npm.taobao.org/string_decoder/download/string_decoder-1.1.1.tgz#9cf1611ba62685d7030ae9e4ba34149c3af03fc8"
  integrity sha1-nPFhG6YmhdcDCunkujQUnDrwP8g=
  dependencies:
    safe-buffer "~5.1.0"

util-deprecate@^1.0.1, util-deprecate@~1.0.1:
  version "1.0.2"
  resolved "https://registry.npm.taobao.org/util-deprecate/download/util-deprecate-1.0.2.tgz#450d4dc9fa70de732762fbd2d4a28981419a0ccf"
  integrity sha1-RQ1Nyfpw3nMnYvvS1KKJgUGaDM8=

wbuf@^1.1.0, wbuf@^1.7.3:
  version "1.7.3"
  resolved "https://registry.npm.taobao.org/wbuf/download/wbuf-1.7.3.tgz#c1d8d149316d3ea852848895cb6a0bfe887b87df"
  integrity sha1-wdjRSTFtPqhShIiVy2oL/oh7h98=
  dependencies:
    minimalistic-assert "^1.0.0"
